
Microsoft Visual Studio Solution File, Format Version 12.00
# Visual Studio Version 16
VisualStudioVersion = 16.0.31729.503
MinimumVisualStudioVersion = 10.0.40219.1
Project("{FAE04EC0-301F-11D3-BF4B-00C04F79EFBC}") = "Сsharp Конспект", "Сsharp Конспект\Сsharp Конспект.csproj", "{9CEC0436-9D1B-480C-AA7B-C614AE32CB68}"
EndProject
Project("{FAE04EC0-301F-11D3-BF4B-00C04F79EFBC}") = "1.0 Как можно записывать переменные", "Как можно записывать переменные\1.0 Как можно записывать переменные.csproj", "{7C876556-0E90-4E20-9EAB-8383D97011C5}"
EndProject
Project("{FAE04EC0-301F-11D3-BF4B-00C04F79EFBC}") = "1.1 Форматированный вывод", "1.1 Форматированный вывод\1.1 Форматированный вывод.csproj", "{9743B8F1-0E20-4679-9608-AB8CF3B9A2AB}"
EndProject
Global
	GlobalSection(SolutionConfigurationPlatforms) = preSolution
		Debug|Any CPU = Debug|Any CPU
		Release|Any CPU = Release|Any CPU
	EndGlobalSection
	GlobalSection(ProjectConfigurationPlatforms) = postSolution
		{9CEC0436-9D1B-480C-AA7B-C614AE32CB68}.Debug|Any CPU.ActiveCfg = Debug|Any CPU
		{9CEC0436-9D1B-480C-AA7B-C614AE32CB68}.Debug|Any CPU.Build.0 = Debug|Any CPU
		{9CEC0436-9D1B-480C-AA7B-C614AE32CB68}.Release|Any CPU.ActiveCfg = Release|Any CPU
		{9CEC0436-9D1B-480C-AA7B-C614AE32CB68}.Release|Any CPU.Build.0 = Release|Any CPU
		{7C876556-0E90-4E20-9EAB-8383D97011C5}.Debug|Any CPU.ActiveCfg = Debug|Any CPU
		{7C876556-0E90-4E20-9EAB-8383D97011C5}.Debug|Any CPU.Build.0 = Debug|Any CPU
		{7C876556-0E90-4E20-9EAB-8383D97011C5}.Release|Any CPU.ActiveCfg = Release|Any CPU
		{7C876556-0E90-4E20-9EAB-8383D97011C5}.Release|Any CPU.Build.0 = Release|Any CPU
		{9743B8F1-0E20-4679-9608-AB8CF3B9A2AB}.Debug|Any CPU.ActiveCfg = Debug|Any CPU
		{9743B8F1-0E20-4679-9608-AB8CF3B9A2AB}.Debug|Any CPU.Build.0 = Debug|Any CPU
		{9743B8F1-0E20-4679-9608-AB8CF3B9A2AB}.Release|Any CPU.ActiveCfg = Release|Any CPU
		{9743B8F1-0E20-4679-9608-AB8CF3B9A2AB}.Release|Any CPU.Build.0 = Release|Any CPU
	EndGlobalSection
	GlobalSection(SolutionProperties) = preSolution
		HideSolutionNode = FALSE
	EndGlobalSection
	GlobalSection(ExtensibilityGlobals) = postSolution
		SolutionGuid = {149CE909-8F97-406F-AF80-DDB8C06865E5}
	EndGlobalSection
EndGlobal
