
Microsoft Visual Studio Solution File, Format Version 12.00
# Visual Studio Version 17
VisualStudioVersion = 17.1.32328.378
MinimumVisualStudioVersion = 10.0.40219.1
Project("{FAE04EC0-301F-11D3-BF4B-00C04F79EFBC}") = "Сsharp Конспект", "Сsharp Конспект\Сsharp Конспект.csproj", "{9CEC0436-9D1B-480C-AA7B-C614AE32CB68}"
EndProject
Project("{FAE04EC0-301F-11D3-BF4B-00C04F79EFBC}") = "1.0 Как можно записывать переменные", "Как можно записывать переменные\1.0 Как можно записывать переменные.csproj", "{7C876556-0E90-4E20-9EAB-8383D97011C5}"
EndProject
Project("{FAE04EC0-301F-11D3-BF4B-00C04F79EFBC}") = "1.1 Форматированный вывод", "1.1 Форматированный вывод\1.1 Форматированный вывод.csproj", "{9743B8F1-0E20-4679-9608-AB8CF3B9A2AB}"
EndProject
Project("{FAE04EC0-301F-11D3-BF4B-00C04F79EFBC}") = "1.2 Преобразование типов данных(Явное,неявное,Parse,Tryparse,Convert)", "1.2 Преобразование типов данных\1.2 Преобразование типов данных(Явное,неявное,Parse,Tryparse,Convert).csproj", "{BE368A1E-9903-4093-AFEF-9D816686D952}"
EndProject
Project("{FAE04EC0-301F-11D3-BF4B-00C04F79EFBC}") = "1.3 Enum (ConsoleKey, GetUnderlyingType, isDefined, GetValues, Parse, TryParse,switch)", "Enum\1.3 Enum (ConsoleKey, GetUnderlyingType, isDefined, GetValues, Parse, TryParse,switch).csproj", "{4B18A47E-3352-44EA-B27A-0534248C8005}"
EndProject
Project("{FAE04EC0-301F-11D3-BF4B-00C04F79EFBC}") = "1.4 const,readonly", "1.4 const,readonly\1.4 const,readonly.csproj", "{68B63BF2-84B9-4A9D-9BFD-E53693F52914}"
EndProject
Project("{FAE04EC0-301F-11D3-BF4B-00C04F79EFBC}") = "1.5 Способы получения данных в приложении (Смотри описание внутри)", "1.5 Способы получения данных в приложении (Смотри описание внутри)\1.5 Способы получения данных в приложении (Смотри описание внутри).csproj", "{6E43F82D-1009-49F6-9733-E5BCAFA0C3C4}"
EndProject
Project("{FAE04EC0-301F-11D3-BF4B-00C04F79EFBC}") = "1.6 Тернарный оператор", "1.6 Тернарный оператор\1.6 Тернарный оператор.csproj", "{D8B97209-E24A-42C3-BFF4-779568E33BF5}"
EndProject
Project("{FAE04EC0-301F-11D3-BF4B-00C04F79EFBC}") = "1.7 Оператор выборки (switch)", "1. 7 Оператор выборки\1.7 Оператор выборки (switch).csproj", "{FBCF24AF-E7BA-4B01-9DE6-BA88FD928631}"
EndProject
Project("{FAE04EC0-301F-11D3-BF4B-00C04F79EFBC}") = "1.8  Оптимизация рутинных задач циклы (for,while,do while)", "1.8  Оптимизация рутинных задач циклы\1.8  Оптимизация рутинных задач циклы (for,while,do while).csproj", "{A114243E-7DBD-4AAE-ACA2-EADEC65D04A4}"
EndProject
Project("{FAE04EC0-301F-11D3-BF4B-00C04F79EFBC}") = "1.9 While (Debug)", "1.9 While\1.9 While (Debug).csproj", "{D6C092F5-EAE5-4F22-BB4D-AEA9BEF02083}"
EndProject
Project("{FAE04EC0-301F-11D3-BF4B-00C04F79EFBC}") = "2.0 Массив", "2.0 Массив\2.0 Массив.csproj", "{50846C4B-24A8-42C9-9405-1F48778DA2EF}"
EndProject
Project("{FAE04EC0-301F-11D3-BF4B-00C04F79EFBC}") = "2.1 Кортежи", "2.1 Кортежи\2.1 Кортежи.csproj", "{77EFBDE0-0B19-489C-93DF-FE6322AF8493}"
EndProject
Project("{FAE04EC0-301F-11D3-BF4B-00C04F79EFBC}") = "2.2 Методы (params)", "2.2 Методы (params)\2.2 Методы (params).csproj", "{C4ED06E7-95A1-4386-884E-5780B59E0E0E}"
EndProject
Project("{FAE04EC0-301F-11D3-BF4B-00C04F79EFBC}") = "2.3 Рекурсия", "2.3 Рекурсия\2.3 Рекурсия.csproj", "{39D24C87-F775-4232-8562-901FDBF5CD68}"
EndProject
Project("{FAE04EC0-301F-11D3-BF4B-00C04F79EFBC}") = "2.4 Работа с файлами (string,char,DateTime,TimeSpan)", "2.4 Работа с файлами\2.4 Работа с файлами (string,char,DateTime,TimeSpan).csproj", "{968FA5FB-2D3B-4CD3-9B4F-C25D94C6A80A}"
EndProject
Project("{FAE04EC0-301F-11D3-BF4B-00C04F79EFBC}") = "2.5 Работа с файлами (File, FileInfo, Directory, DirectoryInfo,StreamWriter,StreamReader)", "2.5 Работа с файлами (File, FileInfo, Directory, DirectoryInfo)\2.5 Работа с файлами (File, FileInfo, Directory, DirectoryInfo,StreamWriter,StreamReader).csproj", "{D7C19408-A450-4E0C-A9DF-5CBFC576F74C}"
EndProject
Project("{FAE04EC0-301F-11D3-BF4B-00C04F79EFBC}") = "2.5.1 StreamWriter и StreamReader, StringBuilder", "2.5.1 StreamWriter и StreamReader\2.5.1 StreamWriter и StreamReader, StringBuilder.csproj", "{92C34BB7-8FE8-45F6-B138-F102DAD9FFAF}"
EndProject
Project("{FAE04EC0-301F-11D3-BF4B-00C04F79EFBC}") = "0.0 HomeWork (SkillBox -File)", "1)HomeWork\0.0 HomeWork (SkillBox -File).csproj", "{2E39A7E9-A22B-4EF8-B19E-560E2BE50559}"
EndProject
Project("{FAE04EC0-301F-11D3-BF4B-00C04F79EFBC}") = "2.6 Struct( Перегрузка конструктора, this)", "2.6 Struct\2.6 Struct( Перегрузка конструктора, this).csproj", "{FC9066EE-7438-4D1D-91C0-5B339410147D}"
EndProject
Project("{FAE04EC0-301F-11D3-BF4B-00C04F79EFBC}") = "2.7 Методы", "2.7 Методы\2.7 Методы.csproj", "{78EB196A-F6FF-47E0-A8B0-07A5D02DB4F7}"
EndProject
Project("{FAE04EC0-301F-11D3-BF4B-00C04F79EFBC}") = "1.3.1 Enum (пример с цветами)", "1.3.1 Enum (пример с цветами)\1.3.1 Enum (пример с цветами).csproj", "{401F1C27-2EB3-4020-9469-B7265B4C5B13}"
EndProject
Project("{FAE04EC0-301F-11D3-BF4B-00C04F79EFBC}") = "2.7.1 Методы (ref,out, in)", "2.7.1 Методы (ref, in)\2.7.1 Методы (ref,out, in).csproj", "{A451F9BA-8677-48BB-BACF-83E50B7A3BC7}"
EndProject
Project("{FAE04EC0-301F-11D3-BF4B-00C04F79EFBC}") = "0.1 HomeWork (SkillFactory  5.6.1 (HW-03) - Кортеж)", "0 .1 HomeWork (SkillFactory  5.6.1 (HW-03) - Кортеж)\0.1 HomeWork (SkillFactory  5.6.1 (HW-03) - Кортеж).csproj", "{8C4FB93E-AB27-469B-AE4C-A1585994B595}"
EndProject
Project("{FAE04EC0-301F-11D3-BF4B-00C04F79EFBC}") = "2.6.1 Свойства (get,set)", "2.6.1 Свойства (get,set)\2.6.1 Свойства (get,set).csproj", "{F1B7B695-9CB4-40E3-A433-C62F65327A70}"
EndProject
Project("{FAE04EC0-301F-11D3-BF4B-00C04F79EFBC}") = "2.6.2 Описание членов структуры (индексаторы)", "2.6.2 Описание членов структуры (индексаторы)\2.6.2 Описание членов структуры (индексаторы).csproj", "{B7B5110D-699E-4227-B820-716F0957DBFF}"
EndProject
Project("{FAE04EC0-301F-11D3-BF4B-00C04F79EFBC}") = "2.6.3 Пример", "2.6.3 Пример\2.6.3 Пример.csproj", "{D50D1C58-4FD7-4DB3-A4D8-26734744E2CB}"
EndProject
Project("{FAE04EC0-301F-11D3-BF4B-00C04F79EFBC}") = "0.0.0 Разбор примера", "Check\0.0.0 Разбор примера.csproj", "{E5DB04E0-39DF-4748-B55D-3636C777B682}"
EndProject
Project("{FAE04EC0-301F-11D3-BF4B-00C04F79EFBC}") = "2.6.4 Инкапсуляция", "2.6.4 Инкапсуляция\2.6.4 Инкапсуляция.csproj", "{F126D0DB-5F04-4250-A528-51DBA4ECEFFF}"
EndProject
Project("{FAE04EC0-301F-11D3-BF4B-00C04F79EFBC}") = "0.1 HomeWork (SkillBox - 7 модуль Введение в ООП)", "0.1 HomeWork (SkillBox - 7 модуль Введение в ООП)\0.1 HomeWork (SkillBox - 7 модуль Введение в ООП).csproj", "{B28A785C-1612-49CB-AEA7-7D37089BC8A8}"
EndProject
Project("{FAE04EC0-301F-11D3-BF4B-00C04F79EFBC}") = "3.0 Коллекции пространство System.Collections.Generic, коллекция List", "3.0 Коллекции пространство System.Collections.Generic, коллекция List\3.0 Коллекции пространство System.Collections.Generic, коллекция List.csproj", "{8AA37D2B-BA9F-40E1-B9D3-9D41A76224BE}"
EndProject
Project("{FAE04EC0-301F-11D3-BF4B-00C04F79EFBC}") = "666. Тестовая", "666. Тестовая\666. Тестовая.csproj", "{5DECD084-F3B6-4F1E-A0D6-71C3428AC642}"
EndProject
Project("{FAE04EC0-301F-11D3-BF4B-00C04F79EFBC}") = "4.0 Сlass, constructor,(условный оператор,оператор null обьединения)int и HasValue", "4.0 Сlass, constructor\4.0 Сlass, constructor,(условный оператор,оператор null обьединения)int и HasValue.csproj", "{C2E2C2C4-58B4-4790-87E4-5F2A8CA31A78}"
EndProject
Project("{FAE04EC0-301F-11D3-BF4B-00C04F79EFBC}") = "4.1 Пример", "4.1 Пример\4.1 Пример.csproj", "{85F0B63C-BA99-4DA8-BB7D-6BE4AF975C46}"
EndProject
Project("{FAE04EC0-301F-11D3-BF4B-00C04F79EFBC}") = "3.0.1 List (Список команд)", "3.0.1 List\3.0.1 List (Список команд).csproj", "{1ED39D8E-646B-4556-87FB-E7B00D53B1D4}"
EndProject
Project("{FAE04EC0-301F-11D3-BF4B-00C04F79EFBC}") = "3.0.2 Dictionary, HashSet, Stack, Queue", "3.0.2 Dictionary, HashSet, Stack, Queue\3.0.2 Dictionary, HashSet, Stack, Queue.csproj", "{991948FE-1B67-42F9-8AA3-CA5ACCF751B2}"
EndProject
Project("{FAE04EC0-301F-11D3-BF4B-00C04F79EFBC}") = "0.1.1 HomeWork (Skillbox - 8 модуль (Коллекции))", "0.1.1 HomeWork (Skillbox - 8 модуль (Коллекции))\0.1.1 HomeWork (Skillbox - 8 модуль (Коллекции)).csproj", "{DA8A8078-B631-45E5-A949-295000966B47}"
EndProject
Project("{FAE04EC0-301F-11D3-BF4B-00C04F79EFBC}") = "5.0 Сериализация и Десириализация обьектов", "5.0 Сериализация и Десириализация обьектов\5.0 Сериализация и Десириализация обьектов.csproj", "{A645F5CB-17CF-471A-85AC-4974DE2458A9}"
EndProject
Project("{FAE04EC0-301F-11D3-BF4B-00C04F79EFBC}") = "5.0.1 XML (Создание и чтение файлов)", "5.0.1 XML (Создание и чтение файлов)\5.0.1 XML (Создание и чтение файлов).csproj", "{9C25AE32-6B3E-4D3C-8C45-DF80D6A273D0}"
EndProject
Project("{FAE04EC0-301F-11D3-BF4B-00C04F79EFBC}") = "5.0.2 XML (В сложных случаях)", "5.0.2 XML (В сложных случаях)\5.0.2 XML (В сложных случаях).csproj", "{2F3E18B7-1A74-4BD2-BB2D-1C566B64D277}"
EndProject
Project("{2150E333-8FDC-42A3-9474-1A3956D46DE8}") = "Skillfactory", "Skillfactory", "{5213D64D-4131-49CF-AB59-A46CC946B2B4}"
EndProject
Project("{FAE04EC0-301F-11D3-BF4B-00C04F79EFBC}") = "1 Модуль 7 this", "1 Модуль 7\1 Модуль 7 this.csproj", "{63266A0D-8785-4BF1-869D-19DD05E20FCB}"
EndProject
Project("{FAE04EC0-301F-11D3-BF4B-00C04F79EFBC}") = "2 Base", "2 Base\2 Base.csproj", "{5DE133FA-8E5E-4A7B-A692-2CA26A904E75}"
EndProject
Project("{FAE04EC0-301F-11D3-BF4B-00C04F79EFBC}") = "3 Преобразование класса", "3 Преобразование класса\3 Преобразование класса.csproj", "{FE98C89E-034C-48CC-94DF-35C51D22E776}"
EndProject
Project("{FAE04EC0-301F-11D3-BF4B-00C04F79EFBC}") = "4 is (Для проверки возможности преобразования)", "4 is (Для проверки возможности преобразования)\4 is (Для проверки возможности преобразования).csproj", "{49C32924-B7E8-447C-AF05-48F5EDDFD3D9}"
EndProject
Project("{FAE04EC0-301F-11D3-BF4B-00C04F79EFBC}") = "5 as (Проверка на null)", "5 as (Проверка на null)\5 as (Проверка на null).csproj", "{DD7FEED1-869F-45EF-93D9-5807C7C90C37}"
EndProject
Project("{FAE04EC0-301F-11D3-BF4B-00C04F79EFBC}") = "6  «Сопоставление шаблонов» (Pattern Matching) для оператора is", "6  «Сопоставление шаблонов» (Pattern Matching) для оператора is\6  «Сопоставление шаблонов» (Pattern Matching) для оператора is.csproj", "{D9B11888-9986-4612-A15B-E4AC4A4D1BD9}"
EndProject
Project("{2150E333-8FDC-42A3-9474-1A3956D46DE8}") = "SimpleCode", "SimpleCode", "{F38F0158-E463-4BE9-84B8-55C5F70CCCF3}"
EndProject
Project("{FAE04EC0-301F-11D3-BF4B-00C04F79EFBC}") = "7 Полиморфизм (virtual override, sealed,hiding)", "7 Полиморфизм (virtual overide)\7 Полиморфизм (virtual override, sealed,hiding).csproj", "{156A6A3C-09A2-4C85-AEDC-BDD6183EEA33}"
EndProject
Project("{FAE04EC0-301F-11D3-BF4B-00C04F79EFBC}") = "8 Абстракт класс, абстракт метод абстракт свойство", "8 Абстракт класс\8 Абстракт класс, абстракт метод абстракт свойство.csproj", "{B7B9E4EE-50D6-48F7-9DC5-CDE55508C7C4}"
EndProject
Project("{FAE04EC0-301F-11D3-BF4B-00C04F79EFBC}") = "9 Агрегация и композиция", "9 Агрегация и композиция\9 Агрегация и композиция.csproj", "{B64AB5B1-3B8E-4F7F-B666-895DB569D8F3}"
EndProject
Project("{FAE04EC0-301F-11D3-BF4B-00C04F79EFBC}") = "10 Static", "10 Static\10 Static.csproj", "{1C4DFDBB-360F-4E7B-9F57-ED211849862D}"
EndProject
Project("{FAE04EC0-301F-11D3-BF4B-00C04F79EFBC}") = "11 Обобщения", "11 Обобщения\11 Обобщения.csproj", "{4834D9EF-4BDE-4C38-8100-2E3AA13A5406}"
EndProject
Project("{FAE04EC0-301F-11D3-BF4B-00C04F79EFBC}") = "5.0.3 JSON", "5.0.3 JSON\5.0.3 JSON.csproj", "{B4DB8C4B-E07C-467E-A203-8741E7B216D1}"
EndProject
Project("{FAE04EC0-301F-11D3-BF4B-00C04F79EFBC}") = "6.0 Введение в работу с сетью. Скачивание данных. Файлы и потоки", "6.0 Введение в работу с сетью. Скачивание данных. Файлы и потоки\6.0 Введение в работу с сетью. Скачивание данных. Файлы и потоки.csproj", "{14ED92EB-6308-4FC8-8618-21334E6D439A}"
EndProject
Project("{FAE04EC0-301F-11D3-BF4B-00C04F79EFBC}") = "6.0.1  WebClient для работы со сторонними сервисами API.Telegram Bot", "6.0.1  WebClient для работы со сторонними сервисами API.Telegram Bot\6.0.1  WebClient для работы со сторонними сервисами API.Telegram Bot.csproj", "{3601C5F7-7F31-41C2-932C-8DDA6D2AC6C8}"
EndProject
Project("{FAE04EC0-301F-11D3-BF4B-00C04F79EFBC}") = "6.0.2 Библиотека Telegram.Bot. Файловое облако на основе телеграм бота", "6.0.2 Библиотека Telegram.Bot. Файловое облако на основе телеграм бота\6.0.2 Библиотека Telegram.Bot. Файловое облако на основе телеграм бота.csproj", "{C8085BA8-BB03-4AD4-9A8E-995E2B243D77}"
EndProject
Project("{FAE04EC0-301F-11D3-BF4B-00C04F79EFBC}") = "11 Работа с файлами(Driveinfo)", "10 Работа с файлами\11 Работа с файлами(Driveinfo).csproj", "{EF37B2B6-A6AC-4003-8F70-4DAA1D7BBDAD}"
EndProject
Project("{FAE04EC0-301F-11D3-BF4B-00C04F79EFBC}") = "12 Классы для работы с бинарными данными", "12 Классы для работы с бинарными данными\12 Классы для работы с бинарными данными.csproj", "{DADBD180-2667-4172-A564-DABB4787A617}"
EndProject
Project("{FAE04EC0-301F-11D3-BF4B-00C04F79EFBC}") = "666 Test", "666 Test\666 Test.csproj", "{A78B3486-1848-4C33-B7FC-FC2DDC9F0040}"
EndProject
Project("{FAE04EC0-301F-11D3-BF4B-00C04F79EFBC}") = "12.1 Бинарный данные пример", "12.1 Бинарный данные пример\12.1 Бинарный данные пример.csproj", "{512276DF-1958-4CFB-A448-8BC3FD51E867}"
EndProject
Project("{FAE04EC0-301F-11D3-BF4B-00C04F79EFBC}") = "12.2 бинарной сериализации и десериализация", "12.2 бинарной сериализации и десериализация\12.2 бинарной сериализации и десериализация.csproj", "{B9BEE20F-2463-41E4-9979-8EDE5736CF34}"
EndProject
Project("{FAE04EC0-301F-11D3-BF4B-00C04F79EFBC}") = "0.1.2 HomeWork (SkillBox - OOP)", "0.1.2 HomeWork (SkillBox - OOP)\0.1.2 HomeWork (SkillBox - OOP).csproj", "{72E3A302-B395-4B28-A1FB-81AE1E365B5C}"
EndProject
Project("{FAE04EC0-301F-11D3-BF4B-00C04F79EFBC}") = "7.0 Введение в WPF", "7.0 Введение в WPF\7.0 Введение в WPF.csproj", "{131B9866-FF4B-4A35-84C0-A729FCCD2399}"
EndProject
Project("{FAE04EC0-301F-11D3-BF4B-00C04F79EFBC}") = "7.1 Пример выбора Да Нет", "7.1 Пример выбора Да Нет\7.1 Пример выбора Да Нет.csproj", "{EF595A68-29EE-40AB-9806-A2F2CEC32937}"
EndProject
Project("{FAE04EC0-301F-11D3-BF4B-00C04F79EFBC}") = "7.2 Базовые компоненты WPF", "7.2 Базовые компоненты WPF\7.2 Базовые компоненты WPF.csproj", "{DC428217-282B-4AEE-806D-344A34562E7B}"
EndProject
Project("{FAE04EC0-301F-11D3-BF4B-00C04F79EFBC}") = "7.3 Ресурсы приложения", "7.3 Ресурсы приложения\7.3 Ресурсы приложения.csproj", "{419C1B43-4B19-4EBE-9627-B339AF163EAC}"
EndProject
Global
	GlobalSection(SolutionConfigurationPlatforms) = preSolution
		Debug|Any CPU = Debug|Any CPU
		Release|Any CPU = Release|Any CPU
	EndGlobalSection
	GlobalSection(ProjectConfigurationPlatforms) = postSolution
		{9CEC0436-9D1B-480C-AA7B-C614AE32CB68}.Debug|Any CPU.ActiveCfg = Debug|Any CPU
		{9CEC0436-9D1B-480C-AA7B-C614AE32CB68}.Debug|Any CPU.Build.0 = Debug|Any CPU
		{9CEC0436-9D1B-480C-AA7B-C614AE32CB68}.Release|Any CPU.ActiveCfg = Release|Any CPU
		{9CEC0436-9D1B-480C-AA7B-C614AE32CB68}.Release|Any CPU.Build.0 = Release|Any CPU
		{7C876556-0E90-4E20-9EAB-8383D97011C5}.Debug|Any CPU.ActiveCfg = Debug|Any CPU
		{7C876556-0E90-4E20-9EAB-8383D97011C5}.Debug|Any CPU.Build.0 = Debug|Any CPU
		{7C876556-0E90-4E20-9EAB-8383D97011C5}.Release|Any CPU.ActiveCfg = Release|Any CPU
		{7C876556-0E90-4E20-9EAB-8383D97011C5}.Release|Any CPU.Build.0 = Release|Any CPU
		{9743B8F1-0E20-4679-9608-AB8CF3B9A2AB}.Debug|Any CPU.ActiveCfg = Debug|Any CPU
		{9743B8F1-0E20-4679-9608-AB8CF3B9A2AB}.Debug|Any CPU.Build.0 = Debug|Any CPU
		{9743B8F1-0E20-4679-9608-AB8CF3B9A2AB}.Release|Any CPU.ActiveCfg = Release|Any CPU
		{9743B8F1-0E20-4679-9608-AB8CF3B9A2AB}.Release|Any CPU.Build.0 = Release|Any CPU
		{BE368A1E-9903-4093-AFEF-9D816686D952}.Debug|Any CPU.ActiveCfg = Debug|Any CPU
		{BE368A1E-9903-4093-AFEF-9D816686D952}.Debug|Any CPU.Build.0 = Debug|Any CPU
		{BE368A1E-9903-4093-AFEF-9D816686D952}.Release|Any CPU.ActiveCfg = Release|Any CPU
		{BE368A1E-9903-4093-AFEF-9D816686D952}.Release|Any CPU.Build.0 = Release|Any CPU
		{4B18A47E-3352-44EA-B27A-0534248C8005}.Debug|Any CPU.ActiveCfg = Debug|Any CPU
		{4B18A47E-3352-44EA-B27A-0534248C8005}.Debug|Any CPU.Build.0 = Debug|Any CPU
		{4B18A47E-3352-44EA-B27A-0534248C8005}.Release|Any CPU.ActiveCfg = Release|Any CPU
		{4B18A47E-3352-44EA-B27A-0534248C8005}.Release|Any CPU.Build.0 = Release|Any CPU
		{68B63BF2-84B9-4A9D-9BFD-E53693F52914}.Debug|Any CPU.ActiveCfg = Debug|Any CPU
		{68B63BF2-84B9-4A9D-9BFD-E53693F52914}.Debug|Any CPU.Build.0 = Debug|Any CPU
		{68B63BF2-84B9-4A9D-9BFD-E53693F52914}.Release|Any CPU.ActiveCfg = Release|Any CPU
		{68B63BF2-84B9-4A9D-9BFD-E53693F52914}.Release|Any CPU.Build.0 = Release|Any CPU
		{6E43F82D-1009-49F6-9733-E5BCAFA0C3C4}.Debug|Any CPU.ActiveCfg = Debug|Any CPU
		{6E43F82D-1009-49F6-9733-E5BCAFA0C3C4}.Debug|Any CPU.Build.0 = Debug|Any CPU
		{6E43F82D-1009-49F6-9733-E5BCAFA0C3C4}.Release|Any CPU.ActiveCfg = Release|Any CPU
		{6E43F82D-1009-49F6-9733-E5BCAFA0C3C4}.Release|Any CPU.Build.0 = Release|Any CPU
		{D8B97209-E24A-42C3-BFF4-779568E33BF5}.Debug|Any CPU.ActiveCfg = Debug|Any CPU
		{D8B97209-E24A-42C3-BFF4-779568E33BF5}.Debug|Any CPU.Build.0 = Debug|Any CPU
		{D8B97209-E24A-42C3-BFF4-779568E33BF5}.Release|Any CPU.ActiveCfg = Release|Any CPU
		{D8B97209-E24A-42C3-BFF4-779568E33BF5}.Release|Any CPU.Build.0 = Release|Any CPU
		{FBCF24AF-E7BA-4B01-9DE6-BA88FD928631}.Debug|Any CPU.ActiveCfg = Debug|Any CPU
		{FBCF24AF-E7BA-4B01-9DE6-BA88FD928631}.Debug|Any CPU.Build.0 = Debug|Any CPU
		{FBCF24AF-E7BA-4B01-9DE6-BA88FD928631}.Release|Any CPU.ActiveCfg = Release|Any CPU
		{FBCF24AF-E7BA-4B01-9DE6-BA88FD928631}.Release|Any CPU.Build.0 = Release|Any CPU
		{A114243E-7DBD-4AAE-ACA2-EADEC65D04A4}.Debug|Any CPU.ActiveCfg = Debug|Any CPU
		{A114243E-7DBD-4AAE-ACA2-EADEC65D04A4}.Debug|Any CPU.Build.0 = Debug|Any CPU
		{A114243E-7DBD-4AAE-ACA2-EADEC65D04A4}.Release|Any CPU.ActiveCfg = Release|Any CPU
		{A114243E-7DBD-4AAE-ACA2-EADEC65D04A4}.Release|Any CPU.Build.0 = Release|Any CPU
		{D6C092F5-EAE5-4F22-BB4D-AEA9BEF02083}.Debug|Any CPU.ActiveCfg = Debug|Any CPU
		{D6C092F5-EAE5-4F22-BB4D-AEA9BEF02083}.Debug|Any CPU.Build.0 = Debug|Any CPU
		{D6C092F5-EAE5-4F22-BB4D-AEA9BEF02083}.Release|Any CPU.ActiveCfg = Release|Any CPU
		{D6C092F5-EAE5-4F22-BB4D-AEA9BEF02083}.Release|Any CPU.Build.0 = Release|Any CPU
		{50846C4B-24A8-42C9-9405-1F48778DA2EF}.Debug|Any CPU.ActiveCfg = Debug|Any CPU
		{50846C4B-24A8-42C9-9405-1F48778DA2EF}.Debug|Any CPU.Build.0 = Debug|Any CPU
		{50846C4B-24A8-42C9-9405-1F48778DA2EF}.Release|Any CPU.ActiveCfg = Release|Any CPU
		{50846C4B-24A8-42C9-9405-1F48778DA2EF}.Release|Any CPU.Build.0 = Release|Any CPU
		{77EFBDE0-0B19-489C-93DF-FE6322AF8493}.Debug|Any CPU.ActiveCfg = Debug|Any CPU
		{77EFBDE0-0B19-489C-93DF-FE6322AF8493}.Debug|Any CPU.Build.0 = Debug|Any CPU
		{77EFBDE0-0B19-489C-93DF-FE6322AF8493}.Release|Any CPU.ActiveCfg = Release|Any CPU
		{77EFBDE0-0B19-489C-93DF-FE6322AF8493}.Release|Any CPU.Build.0 = Release|Any CPU
		{C4ED06E7-95A1-4386-884E-5780B59E0E0E}.Debug|Any CPU.ActiveCfg = Debug|Any CPU
		{C4ED06E7-95A1-4386-884E-5780B59E0E0E}.Debug|Any CPU.Build.0 = Debug|Any CPU
		{C4ED06E7-95A1-4386-884E-5780B59E0E0E}.Release|Any CPU.ActiveCfg = Release|Any CPU
		{C4ED06E7-95A1-4386-884E-5780B59E0E0E}.Release|Any CPU.Build.0 = Release|Any CPU
		{39D24C87-F775-4232-8562-901FDBF5CD68}.Debug|Any CPU.ActiveCfg = Debug|Any CPU
		{39D24C87-F775-4232-8562-901FDBF5CD68}.Debug|Any CPU.Build.0 = Debug|Any CPU
		{39D24C87-F775-4232-8562-901FDBF5CD68}.Release|Any CPU.ActiveCfg = Release|Any CPU
		{39D24C87-F775-4232-8562-901FDBF5CD68}.Release|Any CPU.Build.0 = Release|Any CPU
		{968FA5FB-2D3B-4CD3-9B4F-C25D94C6A80A}.Debug|Any CPU.ActiveCfg = Debug|Any CPU
		{968FA5FB-2D3B-4CD3-9B4F-C25D94C6A80A}.Debug|Any CPU.Build.0 = Debug|Any CPU
		{968FA5FB-2D3B-4CD3-9B4F-C25D94C6A80A}.Release|Any CPU.ActiveCfg = Release|Any CPU
		{968FA5FB-2D3B-4CD3-9B4F-C25D94C6A80A}.Release|Any CPU.Build.0 = Release|Any CPU
		{D7C19408-A450-4E0C-A9DF-5CBFC576F74C}.Debug|Any CPU.ActiveCfg = Debug|Any CPU
		{D7C19408-A450-4E0C-A9DF-5CBFC576F74C}.Debug|Any CPU.Build.0 = Debug|Any CPU
		{D7C19408-A450-4E0C-A9DF-5CBFC576F74C}.Release|Any CPU.ActiveCfg = Release|Any CPU
		{D7C19408-A450-4E0C-A9DF-5CBFC576F74C}.Release|Any CPU.Build.0 = Release|Any CPU
		{92C34BB7-8FE8-45F6-B138-F102DAD9FFAF}.Debug|Any CPU.ActiveCfg = Debug|Any CPU
		{92C34BB7-8FE8-45F6-B138-F102DAD9FFAF}.Debug|Any CPU.Build.0 = Debug|Any CPU
		{92C34BB7-8FE8-45F6-B138-F102DAD9FFAF}.Release|Any CPU.ActiveCfg = Release|Any CPU
		{92C34BB7-8FE8-45F6-B138-F102DAD9FFAF}.Release|Any CPU.Build.0 = Release|Any CPU
		{2E39A7E9-A22B-4EF8-B19E-560E2BE50559}.Debug|Any CPU.ActiveCfg = Debug|Any CPU
		{2E39A7E9-A22B-4EF8-B19E-560E2BE50559}.Debug|Any CPU.Build.0 = Debug|Any CPU
		{2E39A7E9-A22B-4EF8-B19E-560E2BE50559}.Release|Any CPU.ActiveCfg = Release|Any CPU
		{2E39A7E9-A22B-4EF8-B19E-560E2BE50559}.Release|Any CPU.Build.0 = Release|Any CPU
		{FC9066EE-7438-4D1D-91C0-5B339410147D}.Debug|Any CPU.ActiveCfg = Debug|Any CPU
		{FC9066EE-7438-4D1D-91C0-5B339410147D}.Debug|Any CPU.Build.0 = Debug|Any CPU
		{FC9066EE-7438-4D1D-91C0-5B339410147D}.Release|Any CPU.ActiveCfg = Release|Any CPU
		{FC9066EE-7438-4D1D-91C0-5B339410147D}.Release|Any CPU.Build.0 = Release|Any CPU
		{78EB196A-F6FF-47E0-A8B0-07A5D02DB4F7}.Debug|Any CPU.ActiveCfg = Debug|Any CPU
		{78EB196A-F6FF-47E0-A8B0-07A5D02DB4F7}.Debug|Any CPU.Build.0 = Debug|Any CPU
		{78EB196A-F6FF-47E0-A8B0-07A5D02DB4F7}.Release|Any CPU.ActiveCfg = Release|Any CPU
		{78EB196A-F6FF-47E0-A8B0-07A5D02DB4F7}.Release|Any CPU.Build.0 = Release|Any CPU
		{401F1C27-2EB3-4020-9469-B7265B4C5B13}.Debug|Any CPU.ActiveCfg = Debug|Any CPU
		{401F1C27-2EB3-4020-9469-B7265B4C5B13}.Debug|Any CPU.Build.0 = Debug|Any CPU
		{401F1C27-2EB3-4020-9469-B7265B4C5B13}.Release|Any CPU.ActiveCfg = Release|Any CPU
		{401F1C27-2EB3-4020-9469-B7265B4C5B13}.Release|Any CPU.Build.0 = Release|Any CPU
		{A451F9BA-8677-48BB-BACF-83E50B7A3BC7}.Debug|Any CPU.ActiveCfg = Debug|Any CPU
		{A451F9BA-8677-48BB-BACF-83E50B7A3BC7}.Debug|Any CPU.Build.0 = Debug|Any CPU
		{A451F9BA-8677-48BB-BACF-83E50B7A3BC7}.Release|Any CPU.ActiveCfg = Release|Any CPU
		{A451F9BA-8677-48BB-BACF-83E50B7A3BC7}.Release|Any CPU.Build.0 = Release|Any CPU
		{8C4FB93E-AB27-469B-AE4C-A1585994B595}.Debug|Any CPU.ActiveCfg = Debug|Any CPU
		{8C4FB93E-AB27-469B-AE4C-A1585994B595}.Debug|Any CPU.Build.0 = Debug|Any CPU
		{8C4FB93E-AB27-469B-AE4C-A1585994B595}.Release|Any CPU.ActiveCfg = Release|Any CPU
		{8C4FB93E-AB27-469B-AE4C-A1585994B595}.Release|Any CPU.Build.0 = Release|Any CPU
		{F1B7B695-9CB4-40E3-A433-C62F65327A70}.Debug|Any CPU.ActiveCfg = Debug|Any CPU
		{F1B7B695-9CB4-40E3-A433-C62F65327A70}.Debug|Any CPU.Build.0 = Debug|Any CPU
		{F1B7B695-9CB4-40E3-A433-C62F65327A70}.Release|Any CPU.ActiveCfg = Release|Any CPU
		{F1B7B695-9CB4-40E3-A433-C62F65327A70}.Release|Any CPU.Build.0 = Release|Any CPU
		{B7B5110D-699E-4227-B820-716F0957DBFF}.Debug|Any CPU.ActiveCfg = Debug|Any CPU
		{B7B5110D-699E-4227-B820-716F0957DBFF}.Debug|Any CPU.Build.0 = Debug|Any CPU
		{B7B5110D-699E-4227-B820-716F0957DBFF}.Release|Any CPU.ActiveCfg = Release|Any CPU
		{B7B5110D-699E-4227-B820-716F0957DBFF}.Release|Any CPU.Build.0 = Release|Any CPU
		{D50D1C58-4FD7-4DB3-A4D8-26734744E2CB}.Debug|Any CPU.ActiveCfg = Debug|Any CPU
		{D50D1C58-4FD7-4DB3-A4D8-26734744E2CB}.Debug|Any CPU.Build.0 = Debug|Any CPU
		{D50D1C58-4FD7-4DB3-A4D8-26734744E2CB}.Release|Any CPU.ActiveCfg = Release|Any CPU
		{D50D1C58-4FD7-4DB3-A4D8-26734744E2CB}.Release|Any CPU.Build.0 = Release|Any CPU
		{E5DB04E0-39DF-4748-B55D-3636C777B682}.Debug|Any CPU.ActiveCfg = Debug|Any CPU
		{E5DB04E0-39DF-4748-B55D-3636C777B682}.Debug|Any CPU.Build.0 = Debug|Any CPU
		{E5DB04E0-39DF-4748-B55D-3636C777B682}.Release|Any CPU.ActiveCfg = Release|Any CPU
		{E5DB04E0-39DF-4748-B55D-3636C777B682}.Release|Any CPU.Build.0 = Release|Any CPU
		{F126D0DB-5F04-4250-A528-51DBA4ECEFFF}.Debug|Any CPU.ActiveCfg = Debug|Any CPU
		{F126D0DB-5F04-4250-A528-51DBA4ECEFFF}.Debug|Any CPU.Build.0 = Debug|Any CPU
		{F126D0DB-5F04-4250-A528-51DBA4ECEFFF}.Release|Any CPU.ActiveCfg = Release|Any CPU
		{F126D0DB-5F04-4250-A528-51DBA4ECEFFF}.Release|Any CPU.Build.0 = Release|Any CPU
		{B28A785C-1612-49CB-AEA7-7D37089BC8A8}.Debug|Any CPU.ActiveCfg = Debug|Any CPU
		{B28A785C-1612-49CB-AEA7-7D37089BC8A8}.Debug|Any CPU.Build.0 = Debug|Any CPU
		{B28A785C-1612-49CB-AEA7-7D37089BC8A8}.Release|Any CPU.ActiveCfg = Release|Any CPU
		{B28A785C-1612-49CB-AEA7-7D37089BC8A8}.Release|Any CPU.Build.0 = Release|Any CPU
		{8AA37D2B-BA9F-40E1-B9D3-9D41A76224BE}.Debug|Any CPU.ActiveCfg = Debug|Any CPU
		{8AA37D2B-BA9F-40E1-B9D3-9D41A76224BE}.Debug|Any CPU.Build.0 = Debug|Any CPU
		{8AA37D2B-BA9F-40E1-B9D3-9D41A76224BE}.Release|Any CPU.ActiveCfg = Release|Any CPU
		{8AA37D2B-BA9F-40E1-B9D3-9D41A76224BE}.Release|Any CPU.Build.0 = Release|Any CPU
		{5DECD084-F3B6-4F1E-A0D6-71C3428AC642}.Debug|Any CPU.ActiveCfg = Debug|Any CPU
		{5DECD084-F3B6-4F1E-A0D6-71C3428AC642}.Debug|Any CPU.Build.0 = Debug|Any CPU
		{5DECD084-F3B6-4F1E-A0D6-71C3428AC642}.Release|Any CPU.ActiveCfg = Release|Any CPU
		{5DECD084-F3B6-4F1E-A0D6-71C3428AC642}.Release|Any CPU.Build.0 = Release|Any CPU
		{C2E2C2C4-58B4-4790-87E4-5F2A8CA31A78}.Debug|Any CPU.ActiveCfg = Debug|Any CPU
		{C2E2C2C4-58B4-4790-87E4-5F2A8CA31A78}.Debug|Any CPU.Build.0 = Debug|Any CPU
		{C2E2C2C4-58B4-4790-87E4-5F2A8CA31A78}.Release|Any CPU.ActiveCfg = Release|Any CPU
		{C2E2C2C4-58B4-4790-87E4-5F2A8CA31A78}.Release|Any CPU.Build.0 = Release|Any CPU
		{85F0B63C-BA99-4DA8-BB7D-6BE4AF975C46}.Debug|Any CPU.ActiveCfg = Debug|Any CPU
		{85F0B63C-BA99-4DA8-BB7D-6BE4AF975C46}.Debug|Any CPU.Build.0 = Debug|Any CPU
		{85F0B63C-BA99-4DA8-BB7D-6BE4AF975C46}.Release|Any CPU.ActiveCfg = Release|Any CPU
		{85F0B63C-BA99-4DA8-BB7D-6BE4AF975C46}.Release|Any CPU.Build.0 = Release|Any CPU
		{1ED39D8E-646B-4556-87FB-E7B00D53B1D4}.Debug|Any CPU.ActiveCfg = Debug|Any CPU
		{1ED39D8E-646B-4556-87FB-E7B00D53B1D4}.Debug|Any CPU.Build.0 = Debug|Any CPU
		{1ED39D8E-646B-4556-87FB-E7B00D53B1D4}.Release|Any CPU.ActiveCfg = Release|Any CPU
		{1ED39D8E-646B-4556-87FB-E7B00D53B1D4}.Release|Any CPU.Build.0 = Release|Any CPU
		{991948FE-1B67-42F9-8AA3-CA5ACCF751B2}.Debug|Any CPU.ActiveCfg = Debug|Any CPU
		{991948FE-1B67-42F9-8AA3-CA5ACCF751B2}.Debug|Any CPU.Build.0 = Debug|Any CPU
		{991948FE-1B67-42F9-8AA3-CA5ACCF751B2}.Release|Any CPU.ActiveCfg = Release|Any CPU
		{991948FE-1B67-42F9-8AA3-CA5ACCF751B2}.Release|Any CPU.Build.0 = Release|Any CPU
		{DA8A8078-B631-45E5-A949-295000966B47}.Debug|Any CPU.ActiveCfg = Debug|Any CPU
		{DA8A8078-B631-45E5-A949-295000966B47}.Debug|Any CPU.Build.0 = Debug|Any CPU
		{DA8A8078-B631-45E5-A949-295000966B47}.Release|Any CPU.ActiveCfg = Release|Any CPU
		{DA8A8078-B631-45E5-A949-295000966B47}.Release|Any CPU.Build.0 = Release|Any CPU
		{A645F5CB-17CF-471A-85AC-4974DE2458A9}.Debug|Any CPU.ActiveCfg = Debug|Any CPU
		{A645F5CB-17CF-471A-85AC-4974DE2458A9}.Debug|Any CPU.Build.0 = Debug|Any CPU
		{A645F5CB-17CF-471A-85AC-4974DE2458A9}.Release|Any CPU.ActiveCfg = Release|Any CPU
		{A645F5CB-17CF-471A-85AC-4974DE2458A9}.Release|Any CPU.Build.0 = Release|Any CPU
		{9C25AE32-6B3E-4D3C-8C45-DF80D6A273D0}.Debug|Any CPU.ActiveCfg = Debug|Any CPU
		{9C25AE32-6B3E-4D3C-8C45-DF80D6A273D0}.Debug|Any CPU.Build.0 = Debug|Any CPU
		{9C25AE32-6B3E-4D3C-8C45-DF80D6A273D0}.Release|Any CPU.ActiveCfg = Release|Any CPU
		{9C25AE32-6B3E-4D3C-8C45-DF80D6A273D0}.Release|Any CPU.Build.0 = Release|Any CPU
		{2F3E18B7-1A74-4BD2-BB2D-1C566B64D277}.Debug|Any CPU.ActiveCfg = Debug|Any CPU
		{2F3E18B7-1A74-4BD2-BB2D-1C566B64D277}.Debug|Any CPU.Build.0 = Debug|Any CPU
		{2F3E18B7-1A74-4BD2-BB2D-1C566B64D277}.Release|Any CPU.ActiveCfg = Release|Any CPU
		{2F3E18B7-1A74-4BD2-BB2D-1C566B64D277}.Release|Any CPU.Build.0 = Release|Any CPU
		{63266A0D-8785-4BF1-869D-19DD05E20FCB}.Debug|Any CPU.ActiveCfg = Debug|Any CPU
		{63266A0D-8785-4BF1-869D-19DD05E20FCB}.Debug|Any CPU.Build.0 = Debug|Any CPU
		{63266A0D-8785-4BF1-869D-19DD05E20FCB}.Release|Any CPU.ActiveCfg = Release|Any CPU
		{63266A0D-8785-4BF1-869D-19DD05E20FCB}.Release|Any CPU.Build.0 = Release|Any CPU
		{5DE133FA-8E5E-4A7B-A692-2CA26A904E75}.Debug|Any CPU.ActiveCfg = Debug|Any CPU
		{5DE133FA-8E5E-4A7B-A692-2CA26A904E75}.Debug|Any CPU.Build.0 = Debug|Any CPU
		{5DE133FA-8E5E-4A7B-A692-2CA26A904E75}.Release|Any CPU.ActiveCfg = Release|Any CPU
		{5DE133FA-8E5E-4A7B-A692-2CA26A904E75}.Release|Any CPU.Build.0 = Release|Any CPU
		{FE98C89E-034C-48CC-94DF-35C51D22E776}.Debug|Any CPU.ActiveCfg = Debug|Any CPU
		{FE98C89E-034C-48CC-94DF-35C51D22E776}.Debug|Any CPU.Build.0 = Debug|Any CPU
		{FE98C89E-034C-48CC-94DF-35C51D22E776}.Release|Any CPU.ActiveCfg = Release|Any CPU
		{FE98C89E-034C-48CC-94DF-35C51D22E776}.Release|Any CPU.Build.0 = Release|Any CPU
		{49C32924-B7E8-447C-AF05-48F5EDDFD3D9}.Debug|Any CPU.ActiveCfg = Debug|Any CPU
		{49C32924-B7E8-447C-AF05-48F5EDDFD3D9}.Debug|Any CPU.Build.0 = Debug|Any CPU
		{49C32924-B7E8-447C-AF05-48F5EDDFD3D9}.Release|Any CPU.ActiveCfg = Release|Any CPU
		{49C32924-B7E8-447C-AF05-48F5EDDFD3D9}.Release|Any CPU.Build.0 = Release|Any CPU
		{DD7FEED1-869F-45EF-93D9-5807C7C90C37}.Debug|Any CPU.ActiveCfg = Debug|Any CPU
		{DD7FEED1-869F-45EF-93D9-5807C7C90C37}.Debug|Any CPU.Build.0 = Debug|Any CPU
		{DD7FEED1-869F-45EF-93D9-5807C7C90C37}.Release|Any CPU.ActiveCfg = Release|Any CPU
		{DD7FEED1-869F-45EF-93D9-5807C7C90C37}.Release|Any CPU.Build.0 = Release|Any CPU
		{D9B11888-9986-4612-A15B-E4AC4A4D1BD9}.Debug|Any CPU.ActiveCfg = Debug|Any CPU
		{D9B11888-9986-4612-A15B-E4AC4A4D1BD9}.Debug|Any CPU.Build.0 = Debug|Any CPU
		{D9B11888-9986-4612-A15B-E4AC4A4D1BD9}.Release|Any CPU.ActiveCfg = Release|Any CPU
		{D9B11888-9986-4612-A15B-E4AC4A4D1BD9}.Release|Any CPU.Build.0 = Release|Any CPU
		{156A6A3C-09A2-4C85-AEDC-BDD6183EEA33}.Debug|Any CPU.ActiveCfg = Debug|Any CPU
		{156A6A3C-09A2-4C85-AEDC-BDD6183EEA33}.Debug|Any CPU.Build.0 = Debug|Any CPU
		{156A6A3C-09A2-4C85-AEDC-BDD6183EEA33}.Release|Any CPU.ActiveCfg = Release|Any CPU
		{156A6A3C-09A2-4C85-AEDC-BDD6183EEA33}.Release|Any CPU.Build.0 = Release|Any CPU
		{B7B9E4EE-50D6-48F7-9DC5-CDE55508C7C4}.Debug|Any CPU.ActiveCfg = Debug|Any CPU
		{B7B9E4EE-50D6-48F7-9DC5-CDE55508C7C4}.Debug|Any CPU.Build.0 = Debug|Any CPU
		{B7B9E4EE-50D6-48F7-9DC5-CDE55508C7C4}.Release|Any CPU.ActiveCfg = Release|Any CPU
		{B7B9E4EE-50D6-48F7-9DC5-CDE55508C7C4}.Release|Any CPU.Build.0 = Release|Any CPU
		{B64AB5B1-3B8E-4F7F-B666-895DB569D8F3}.Debug|Any CPU.ActiveCfg = Debug|Any CPU
		{B64AB5B1-3B8E-4F7F-B666-895DB569D8F3}.Debug|Any CPU.Build.0 = Debug|Any CPU
		{B64AB5B1-3B8E-4F7F-B666-895DB569D8F3}.Release|Any CPU.ActiveCfg = Release|Any CPU
		{B64AB5B1-3B8E-4F7F-B666-895DB569D8F3}.Release|Any CPU.Build.0 = Release|Any CPU
		{1C4DFDBB-360F-4E7B-9F57-ED211849862D}.Debug|Any CPU.ActiveCfg = Debug|Any CPU
		{1C4DFDBB-360F-4E7B-9F57-ED211849862D}.Debug|Any CPU.Build.0 = Debug|Any CPU
		{1C4DFDBB-360F-4E7B-9F57-ED211849862D}.Release|Any CPU.ActiveCfg = Release|Any CPU
		{1C4DFDBB-360F-4E7B-9F57-ED211849862D}.Release|Any CPU.Build.0 = Release|Any CPU
		{4834D9EF-4BDE-4C38-8100-2E3AA13A5406}.Debug|Any CPU.ActiveCfg = Debug|Any CPU
		{4834D9EF-4BDE-4C38-8100-2E3AA13A5406}.Debug|Any CPU.Build.0 = Debug|Any CPU
		{4834D9EF-4BDE-4C38-8100-2E3AA13A5406}.Release|Any CPU.ActiveCfg = Release|Any CPU
		{4834D9EF-4BDE-4C38-8100-2E3AA13A5406}.Release|Any CPU.Build.0 = Release|Any CPU
		{B4DB8C4B-E07C-467E-A203-8741E7B216D1}.Debug|Any CPU.ActiveCfg = Debug|Any CPU
		{B4DB8C4B-E07C-467E-A203-8741E7B216D1}.Debug|Any CPU.Build.0 = Debug|Any CPU
		{B4DB8C4B-E07C-467E-A203-8741E7B216D1}.Release|Any CPU.ActiveCfg = Release|Any CPU
		{B4DB8C4B-E07C-467E-A203-8741E7B216D1}.Release|Any CPU.Build.0 = Release|Any CPU
		{14ED92EB-6308-4FC8-8618-21334E6D439A}.Debug|Any CPU.ActiveCfg = Debug|Any CPU
		{14ED92EB-6308-4FC8-8618-21334E6D439A}.Debug|Any CPU.Build.0 = Debug|Any CPU
		{14ED92EB-6308-4FC8-8618-21334E6D439A}.Release|Any CPU.ActiveCfg = Release|Any CPU
		{14ED92EB-6308-4FC8-8618-21334E6D439A}.Release|Any CPU.Build.0 = Release|Any CPU
		{3601C5F7-7F31-41C2-932C-8DDA6D2AC6C8}.Debug|Any CPU.ActiveCfg = Debug|Any CPU
		{3601C5F7-7F31-41C2-932C-8DDA6D2AC6C8}.Debug|Any CPU.Build.0 = Debug|Any CPU
		{3601C5F7-7F31-41C2-932C-8DDA6D2AC6C8}.Release|Any CPU.ActiveCfg = Release|Any CPU
		{3601C5F7-7F31-41C2-932C-8DDA6D2AC6C8}.Release|Any CPU.Build.0 = Release|Any CPU
		{C8085BA8-BB03-4AD4-9A8E-995E2B243D77}.Debug|Any CPU.ActiveCfg = Debug|Any CPU
		{C8085BA8-BB03-4AD4-9A8E-995E2B243D77}.Debug|Any CPU.Build.0 = Debug|Any CPU
		{C8085BA8-BB03-4AD4-9A8E-995E2B243D77}.Release|Any CPU.ActiveCfg = Release|Any CPU
		{C8085BA8-BB03-4AD4-9A8E-995E2B243D77}.Release|Any CPU.Build.0 = Release|Any CPU
		{EF37B2B6-A6AC-4003-8F70-4DAA1D7BBDAD}.Debug|Any CPU.ActiveCfg = Debug|Any CPU
		{EF37B2B6-A6AC-4003-8F70-4DAA1D7BBDAD}.Debug|Any CPU.Build.0 = Debug|Any CPU
		{EF37B2B6-A6AC-4003-8F70-4DAA1D7BBDAD}.Release|Any CPU.ActiveCfg = Release|Any CPU
		{EF37B2B6-A6AC-4003-8F70-4DAA1D7BBDAD}.Release|Any CPU.Build.0 = Release|Any CPU
		{DADBD180-2667-4172-A564-DABB4787A617}.Debug|Any CPU.ActiveCfg = Debug|Any CPU
		{DADBD180-2667-4172-A564-DABB4787A617}.Debug|Any CPU.Build.0 = Debug|Any CPU
		{DADBD180-2667-4172-A564-DABB4787A617}.Release|Any CPU.ActiveCfg = Release|Any CPU
		{DADBD180-2667-4172-A564-DABB4787A617}.Release|Any CPU.Build.0 = Release|Any CPU
		{A78B3486-1848-4C33-B7FC-FC2DDC9F0040}.Debug|Any CPU.ActiveCfg = Debug|Any CPU
		{A78B3486-1848-4C33-B7FC-FC2DDC9F0040}.Debug|Any CPU.Build.0 = Debug|Any CPU
		{A78B3486-1848-4C33-B7FC-FC2DDC9F0040}.Release|Any CPU.ActiveCfg = Release|Any CPU
		{A78B3486-1848-4C33-B7FC-FC2DDC9F0040}.Release|Any CPU.Build.0 = Release|Any CPU
		{512276DF-1958-4CFB-A448-8BC3FD51E867}.Debug|Any CPU.ActiveCfg = Debug|Any CPU
		{512276DF-1958-4CFB-A448-8BC3FD51E867}.Debug|Any CPU.Build.0 = Debug|Any CPU
		{512276DF-1958-4CFB-A448-8BC3FD51E867}.Release|Any CPU.ActiveCfg = Release|Any CPU
		{512276DF-1958-4CFB-A448-8BC3FD51E867}.Release|Any CPU.Build.0 = Release|Any CPU
		{B9BEE20F-2463-41E4-9979-8EDE5736CF34}.Debug|Any CPU.ActiveCfg = Debug|Any CPU
		{B9BEE20F-2463-41E4-9979-8EDE5736CF34}.Debug|Any CPU.Build.0 = Debug|Any CPU
		{B9BEE20F-2463-41E4-9979-8EDE5736CF34}.Release|Any CPU.ActiveCfg = Release|Any CPU
		{B9BEE20F-2463-41E4-9979-8EDE5736CF34}.Release|Any CPU.Build.0 = Release|Any CPU
		{72E3A302-B395-4B28-A1FB-81AE1E365B5C}.Debug|Any CPU.ActiveCfg = Debug|Any CPU
		{72E3A302-B395-4B28-A1FB-81AE1E365B5C}.Debug|Any CPU.Build.0 = Debug|Any CPU
		{72E3A302-B395-4B28-A1FB-81AE1E365B5C}.Release|Any CPU.ActiveCfg = Release|Any CPU
		{72E3A302-B395-4B28-A1FB-81AE1E365B5C}.Release|Any CPU.Build.0 = Release|Any CPU
		{131B9866-FF4B-4A35-84C0-A729FCCD2399}.Debug|Any CPU.ActiveCfg = Debug|Any CPU
		{131B9866-FF4B-4A35-84C0-A729FCCD2399}.Debug|Any CPU.Build.0 = Debug|Any CPU
		{131B9866-FF4B-4A35-84C0-A729FCCD2399}.Release|Any CPU.ActiveCfg = Release|Any CPU
		{131B9866-FF4B-4A35-84C0-A729FCCD2399}.Release|Any CPU.Build.0 = Release|Any CPU
		{EF595A68-29EE-40AB-9806-A2F2CEC32937}.Debug|Any CPU.ActiveCfg = Debug|Any CPU
		{EF595A68-29EE-40AB-9806-A2F2CEC32937}.Debug|Any CPU.Build.0 = Debug|Any CPU
		{EF595A68-29EE-40AB-9806-A2F2CEC32937}.Release|Any CPU.ActiveCfg = Release|Any CPU
		{EF595A68-29EE-40AB-9806-A2F2CEC32937}.Release|Any CPU.Build.0 = Release|Any CPU
		{DC428217-282B-4AEE-806D-344A34562E7B}.Debug|Any CPU.ActiveCfg = Debug|Any CPU
		{DC428217-282B-4AEE-806D-344A34562E7B}.Debug|Any CPU.Build.0 = Debug|Any CPU
		{DC428217-282B-4AEE-806D-344A34562E7B}.Release|Any CPU.ActiveCfg = Release|Any CPU
		{DC428217-282B-4AEE-806D-344A34562E7B}.Release|Any CPU.Build.0 = Release|Any CPU
		{419C1B43-4B19-4EBE-9627-B339AF163EAC}.Debug|Any CPU.ActiveCfg = Debug|Any CPU
		{419C1B43-4B19-4EBE-9627-B339AF163EAC}.Debug|Any CPU.Build.0 = Debug|Any CPU
		{419C1B43-4B19-4EBE-9627-B339AF163EAC}.Release|Any CPU.ActiveCfg = Release|Any CPU
		{419C1B43-4B19-4EBE-9627-B339AF163EAC}.Release|Any CPU.Build.0 = Release|Any CPU
	EndGlobalSection
	GlobalSection(SolutionProperties) = preSolution
		HideSolutionNode = FALSE
	EndGlobalSection
	GlobalSection(NestedProjects) = preSolution
		{63266A0D-8785-4BF1-869D-19DD05E20FCB} = {5213D64D-4131-49CF-AB59-A46CC946B2B4}
		{5DE133FA-8E5E-4A7B-A692-2CA26A904E75} = {5213D64D-4131-49CF-AB59-A46CC946B2B4}
		{FE98C89E-034C-48CC-94DF-35C51D22E776} = {5213D64D-4131-49CF-AB59-A46CC946B2B4}
		{49C32924-B7E8-447C-AF05-48F5EDDFD3D9} = {5213D64D-4131-49CF-AB59-A46CC946B2B4}
		{DD7FEED1-869F-45EF-93D9-5807C7C90C37} = {5213D64D-4131-49CF-AB59-A46CC946B2B4}
		{D9B11888-9986-4612-A15B-E4AC4A4D1BD9} = {5213D64D-4131-49CF-AB59-A46CC946B2B4}
		{156A6A3C-09A2-4C85-AEDC-BDD6183EEA33} = {5213D64D-4131-49CF-AB59-A46CC946B2B4}
		{B7B9E4EE-50D6-48F7-9DC5-CDE55508C7C4} = {5213D64D-4131-49CF-AB59-A46CC946B2B4}
		{B64AB5B1-3B8E-4F7F-B666-895DB569D8F3} = {5213D64D-4131-49CF-AB59-A46CC946B2B4}
		{1C4DFDBB-360F-4E7B-9F57-ED211849862D} = {5213D64D-4131-49CF-AB59-A46CC946B2B4}
		{4834D9EF-4BDE-4C38-8100-2E3AA13A5406} = {5213D64D-4131-49CF-AB59-A46CC946B2B4}
		{EF37B2B6-A6AC-4003-8F70-4DAA1D7BBDAD} = {5213D64D-4131-49CF-AB59-A46CC946B2B4}
		{DADBD180-2667-4172-A564-DABB4787A617} = {5213D64D-4131-49CF-AB59-A46CC946B2B4}
		{A78B3486-1848-4C33-B7FC-FC2DDC9F0040} = {5213D64D-4131-49CF-AB59-A46CC946B2B4}
		{512276DF-1958-4CFB-A448-8BC3FD51E867} = {5213D64D-4131-49CF-AB59-A46CC946B2B4}
		{B9BEE20F-2463-41E4-9979-8EDE5736CF34} = {5213D64D-4131-49CF-AB59-A46CC946B2B4}
	EndGlobalSection
	GlobalSection(ExtensibilityGlobals) = postSolution
		SolutionGuid = {149CE909-8F97-406F-AF80-DDB8C06865E5}
	EndGlobalSection
EndGlobal
